// !$*UTF8*$!
{
	archiveVersion = 1;
	classes = {
	};
	objectVersion = 46;
	objects = {

/* Begin PBXBuildFile section */
		D30873031C52B637003D8B3C /* AppDelegate.swift in Sources */ = {isa = PBXBuildFile; fileRef = D30873021C52B637003D8B3C /* AppDelegate.swift */; };
		D30873051C52B637003D8B3C /* ViewController.swift in Sources */ = {isa = PBXBuildFile; fileRef = D30873041C52B637003D8B3C /* ViewController.swift */; };
		D30873081C52B637003D8B3C /* Main.storyboard in Resources */ = {isa = PBXBuildFile; fileRef = D30873061C52B637003D8B3C /* Main.storyboard */; };
		D308730A1C52B637003D8B3C /* Assets.xcassets in Resources */ = {isa = PBXBuildFile; fileRef = D30873091C52B637003D8B3C /* Assets.xcassets */; };
		D308730D1C52B637003D8B3C /* LaunchScreen.storyboard in Resources */ = {isa = PBXBuildFile; fileRef = D308730B1C52B637003D8B3C /* LaunchScreen.storyboard */; };
		D30873181C52B637003D8B3C /* beercan_appTests.swift in Sources */ = {isa = PBXBuildFile; fileRef = D30873171C52B637003D8B3C /* beercan_appTests.swift */; };
		D30873231C52B637003D8B3C /* beercan_appUITests.swift in Sources */ = {isa = PBXBuildFile; fileRef = D30873221C52B637003D8B3C /* beercan_appUITests.swift */; };
/* End PBXBuildFile section */

/* Begin PBXContainerItemProxy section */
		D30873141C52B637003D8B3C /* PBXContainerItemProxy */ = {
			isa = PBXContainerItemProxy;
			containerPortal = D30872F71C52B637003D8B3C /* Project object */;
			proxyType = 1;
			remoteGlobalIDString = D30872FE1C52B637003D8B3C;
			remoteInfo = "beercan app";
		};
		D308731F1C52B637003D8B3C /* PBXContainerItemProxy */ = {
			isa = PBXContainerItemProxy;
			containerPortal = D30872F71C52B637003D8B3C /* Project object */;
			proxyType = 1;
			remoteGlobalIDString = D30872FE1C52B637003D8B3C;
			remoteInfo = "beercan app";
		};
/* End PBXContainerItemProxy section */

/* Begin PBXFileReference section */
		D30872FF1C52B637003D8B3C /* beercan app.app */ = {isa = PBXFileReference; explicitFileType = wrapper.application; includeInIndex = 0; path = "beercan app.app"; sourceTree = BUILT_PRODUCTS_DIR; };
		D30873021C52B637003D8B3C /* AppDelegate.swift */ = {isa = PBXFileReference; lastKnownFileType = sourcecode.swift; path = AppDelegate.swift; sourceTree = "<group>"; };
		D30873041C52B637003D8B3C /* ViewController.swift */ = {isa = PBXFileReference; lastKnownFileType = sourcecode.swift; path = ViewController.swift; sourceTree = "<group>"; };
		D30873071C52B637003D8B3C /* Base */ = {isa = PBXFileReference; lastKnownFileType = file.storyboard; name = Base; path = Base.lproj/Main.storyboard; sourceTree = "<group>"; };
		D30873091C52B637003D8B3C /* Assets.xcassets */ = {isa = PBXFileReference; lastKnownFileType = folder.assetcatalog; path = Assets.xcassets; sourceTree = "<group>"; };
		D308730C1C52B637003D8B3C /* Base */ = {isa = PBXFileReference; lastKnownFileType = file.storyboard; name = Base; path = Base.lproj/LaunchScreen.storyboard; sourceTree = "<group>"; };
		D308730E1C52B637003D8B3C /* Info.plist */ = {isa = PBXFileReference; lastKnownFileType = text.plist.xml; path = Info.plist; sourceTree = "<group>"; };
		D30873131C52B637003D8B3C /* beercan appTests.xctest */ = {isa = PBXFileReference; explicitFileType = wrapper.cfbundle; includeInIndex = 0; path = "beercan appTests.xctest"; sourceTree = BUILT_PRODUCTS_DIR; };
		D30873171C52B637003D8B3C /* beercan_appTests.swift */ = {isa = PBXFileReference; lastKnownFileType = sourcecode.swift; path = beercan_appTests.swift; sourceTree = "<group>"; };
		D30873191C52B637003D8B3C /* Info.plist */ = {isa = PBXFileReference; lastKnownFileType = text.plist.xml; path = Info.plist; sourceTree = "<group>"; };
		D308731E1C52B637003D8B3C /* beercan appUITests.xctest */ = {isa = PBXFileReference; explicitFileType = wrapper.cfbundle; includeInIndex = 0; path = "beercan appUITests.xctest"; sourceTree = BUILT_PRODUCTS_DIR; };
		D30873221C52B637003D8B3C /* beercan_appUITests.swift */ = {isa = PBXFileReference; lastKnownFileType = sourcecode.swift; path = beercan_appUITests.swift; sourceTree = "<group>"; };
		D30873241C52B637003D8B3C /* Info.plist */ = {isa = PBXFileReference; lastKnownFileType = text.plist.xml; path = Info.plist; sourceTree = "<group>"; };
/* End PBXFileReference section */

/* Begin PBXFrameworksBuildPhase section */
		D30872FC1C52B637003D8B3C /* Frameworks */ = {
			isa = PBXFrameworksBuildPhase;
			buildActionMask = 2147483647;
			files = (
			);
			runOnlyForDeploymentPostprocessing = 0;
		};
		D30873101C52B637003D8B3C /* Frameworks */ = {
			isa = PBXFrameworksBuildPhase;
			buildActionMask = 2147483647;
			files = (
			);
			runOnlyForDeploymentPostprocessing = 0;
		};
		D308731B1C52B637003D8B3C /* Frameworks */ = {
			isa = PBXFrameworksBuildPhase;
			buildActionMask = 2147483647;
			files = (
			);
			runOnlyForDeploymentPostprocessing = 0;
		};
/* End PBXFrameworksBuildPhase section */

/* Begin PBXGroup section */
		D30872F61C52B637003D8B3C = {
			isa = PBXGroup;
			children = (
				D30873011C52B637003D8B3C /* beercan app */,
				D30873161C52B637003D8B3C /* beercan appTests */,
				D30873211C52B637003D8B3C /* beercan appUITests */,
				D30873001C52B637003D8B3C /* Products */,
			);
			sourceTree = "<group>";
		};
		D30873001C52B637003D8B3C /* Products */ = {
			isa = PBXGroup;
			children = (
				D30872FF1C52B637003D8B3C /* beercan app.app */,
				D30873131C52B637003D8B3C /* beercan appTests.xctest */,
				D308731E1C52B637003D8B3C /* beercan appUITests.xctest */,
			);
			name = Products;
			sourceTree = "<group>";
		};
		D30873011C52B637003D8B3C /* beercan app */ = {
			isa = PBXGroup;
			children = (
				D30873021C52B637003D8B3C /* AppDelegate.swift */,
				D30873041C52B637003D8B3C /* ViewController.swift */,
				D30873061C52B637003D8B3C /* Main.storyboard */,
				D30873091C52B637003D8B3C /* Assets.xcassets */,
				D308730B1C52B637003D8B3C /* LaunchScreen.storyboard */,
				D308730E1C52B637003D8B3C /* Info.plist */,
			);
			path = "beercan app";
			sourceTree = "<group>";
		};
		D30873161C52B637003D8B3C /* beercan appTests */ = {
			isa = PBXGroup;
			children = (
				D30873171C52B637003D8B3C /* beercan_appTests.swift */,
				D30873191C52B637003D8B3C /* Info.plist */,
			);
			path = "beercan appTests";
			sourceTree = "<group>";
		};
		D30873211C52B637003D8B3C /* beercan appUITests */ = {
			isa = PBXGroup;
			children = (
				D30873221C52B637003D8B3C /* beercan_appUITests.swift */,
				D30873241C52B637003D8B3C /* Info.plist */,
			);
			path = "beercan appUITests";
			sourceTree = "<group>";
		};
/* End PBXGroup section */

/* Begin PBXNativeTarget section */
		D30872FE1C52B637003D8B3C /* beercan app */ = {
			isa = PBXNativeTarget;
			buildConfigurationList = D30873271C52B637003D8B3C /* Build configuration list for PBXNativeTarget "beercan app" */;
			buildPhases = (
				D30872FB1C52B637003D8B3C /* Sources */,
				D30872FC1C52B637003D8B3C /* Frameworks */,
				D30872FD1C52B637003D8B3C /* Resources */,
			);
			buildRules = (
			);
			dependencies = (
			);
			name = "beercan app";
			productName = "beercan app";
			productReference = D30872FF1C52B637003D8B3C /* beercan app.app */;
			productType = "com.apple.product-type.application";
		};
		D30873121C52B637003D8B3C /* beercan appTests */ = {
			isa = PBXNativeTarget;
			buildConfigurationList = D308732A1C52B637003D8B3C /* Build configuration list for PBXNativeTarget "beercan appTests" */;
			buildPhases = (
				D308730F1C52B637003D8B3C /* Sources */,
				D30873101C52B637003D8B3C /* Frameworks */,
				D30873111C52B637003D8B3C /* Resources */,
			);
			buildRules = (
			);
			dependencies = (
				D30873151C52B637003D8B3C /* PBXTargetDependency */,
			);
			name = "beercan appTests";
			productName = "beercan appTests";
			productReference = D30873131C52B637003D8B3C /* beercan appTests.xctest */;
			productType = "com.apple.product-type.bundle.unit-test";
		};
		D308731D1C52B637003D8B3C /* beercan appUITests */ = {
			isa = PBXNativeTarget;
			buildConfigurationList = D308732D1C52B637003D8B3C /* Build configuration list for PBXNativeTarget "beercan appUITests" */;
			buildPhases = (
				D308731A1C52B637003D8B3C /* Sources */,
				D308731B1C52B637003D8B3C /* Frameworks */,
				D308731C1C52B637003D8B3C /* Resources */,
			);
			buildRules = (
			);
			dependencies = (
				D30873201C52B637003D8B3C /* PBXTargetDependency */,
			);
			name = "beercan appUITests";
			productName = "beercan appUITests";
			productReference = D308731E1C52B637003D8B3C /* beercan appUITests.xctest */;
			productType = "com.apple.product-type.bundle.ui-testing";
		};
/* End PBXNativeTarget section */

/* Begin PBXProject section */
		D30872F71C52B637003D8B3C /* Project object */ = {
			isa = PBXProject;
			attributes = {
				LastSwiftUpdateCheck = 0720;
				LastUpgradeCheck = 0720;
				ORGANIZATIONNAME = beercan;
				TargetAttributes = {
					D30872FE1C52B637003D8B3C = {
						CreatedOnToolsVersion = 7.2;
					};
					D30873121C52B637003D8B3C = {
						CreatedOnToolsVersion = 7.2;
						TestTargetID = D30872FE1C52B637003D8B3C;
					};
					D308731D1C52B637003D8B3C = {
						CreatedOnToolsVersion = 7.2;
						TestTargetID = D30872FE1C52B637003D8B3C;
					};
				};
			};
			buildConfigurationList = D30872FA1C52B637003D8B3C /* Build configuration list for PBXProject "beercan app" */;
			compatibilityVersion = "Xcode 3.2";
			developmentRegion = English;
			hasScannedForEncodings = 0;
			knownRegions = (
				en,
				Base,
			);
			mainGroup = D30872F61C52B637003D8B3C;
			productRefGroup = D30873001C52B637003D8B3C /* Products */;
			projectDirPath = "";
			projectRoot = "";
			targets = (
				D30872FE1C52B637003D8B3C /* beercan app */,
				D30873121C52B637003D8B3C /* beercan appTests */,
				D308731D1C52B637003D8B3C /* beercan appUITests */,
			);
		};
/* End PBXProject section */

/* Begin PBXResourcesBuildPhase section */
		D30872FD1C52B637003D8B3C /* Resources */ = {
			isa = PBXResourcesBuildPhase;
			buildActionMask = 2147483647;
			files = (
				D308730D1C52B637003D8B3C /* LaunchScreen.storyboard in Resources */,
				D308730A1C52B637003D8B3C /* Assets.xcassets in Resources */,
				D30873081C52B637003D8B3C /* Main.storyboard in Resources */,
			);
			runOnlyForDeploymentPostprocessing = 0;
		};
		D30873111C52B637003D8B3C /* Resources */ = {
			isa = PBXResourcesBuildPhase;
			buildActionMask = 2147483647;
			files = (
			);
			runOnlyForDeploymentPostprocessing = 0;
		};
		D308731C1C52B637003D8B3C /* Resources */ = {
			isa = PBXResourcesBuildPhase;
			buildActionMask = 2147483647;
			files = (
			);
			runOnlyForDeploymentPostprocessing = 0;
		};
/* End PBXResourcesBuildPhase section */

/* Begin PBXSourcesBuildPhase section */
		D30872FB1C52B637003D8B3C /* Sources */ = {
			isa = PBXSourcesBuildPhase;
			buildActionMask = 2147483647;
			files = (
				D30873051C52B637003D8B3C /* ViewController.swift in Sources */,
				D30873031C52B637003D8B3C /* AppDelegate.swift in Sources */,
			);
			runOnlyForDeploymentPostprocessing = 0;
		};
		D308730F1C52B637003D8B3C /* Sources */ = {
			isa = PBXSourcesBuildPhase;
			buildActionMask = 2147483647;
			files = (
				D30873181C52B637003D8B3C /* beercan_appTests.swift in Sources */,
			);
			runOnlyForDeploymentPostprocessing = 0;
		};
		D308731A1C52B637003D8B3C /* Sources */ = {
			isa = PBXSourcesBuildPhase;
			buildActionMask = 2147483647;
			files = (
				D30873231C52B637003D8B3C /* beercan_appUITests.swift in Sources */,
			);
			runOnlyForDeploymentPostprocessing = 0;
		};
/* End PBXSourcesBuildPhase section */

/* Begin PBXTargetDependency section */
		D30873151C52B637003D8B3C /* PBXTargetDependency */ = {
			isa = PBXTargetDependency;
			target = D30872FE1C52B637003D8B3C /* beercan app */;
			targetProxy = D30873141C52B637003D8B3C /* PBXContainerItemProxy */;
		};
		D30873201C52B637003D8B3C /* PBXTargetDependency */ = {
			isa = PBXTargetDependency;
			target = D30872FE1C52B637003D8B3C /* beercan app */;
			targetProxy = D308731F1C52B637003D8B3C /* PBXContainerItemProxy */;
		};
/* End PBXTargetDependency section */

/* Begin PBXVariantGroup section */
		D30873061C52B637003D8B3C /* Main.storyboard */ = {
			isa = PBXVariantGroup;
			children = (
				D30873071C52B637003D8B3C /* Base */,
			);
			name = Main.storyboard;
			sourceTree = "<group>";
		};
		D308730B1C52B637003D8B3C /* LaunchScreen.storyboard */ = {
			isa = PBXVariantGroup;
			children = (
				D308730C1C52B637003D8B3C /* Base */,
			);
			name = LaunchScreen.storyboard;
			sourceTree = "<group>";
		};
/* End PBXVariantGroup section */

/* Begin XCBuildConfiguration section */
		D30873251C52B637003D8B3C /* Debug */ = {
			isa = XCBuildConfiguration;
			buildSettings = {
				ALWAYS_SEARCH_USER_PATHS = NO;
				CLANG_CXX_LANGUAGE_STANDARD = "gnu++0x";
				CLANG_CXX_LIBRARY = "libc++";
				CLANG_ENABLE_MODULES = YES;
				CLANG_ENABLE_OBJC_ARC = YES;
				CLANG_WARN_BOOL_CONVERSION = YES;
				CLANG_WARN_CONSTANT_CONVERSION = YES;
				CLANG_WARN_DIRECT_OBJC_ISA_USAGE = YES_ERROR;
				CLANG_WARN_EMPTY_BODY = YES;
				CLANG_WARN_ENUM_CONVERSION = YES;
				CLANG_WARN_INT_CONVERSION = YES;
				CLANG_WARN_OBJC_ROOT_CLASS = YES_ERROR;
				CLANG_WARN_UNREACHABLE_CODE = YES;
				CLANG_WARN__DUPLICATE_METHOD_MATCH = YES;
				"CODE_SIGN_IDENTITY[sdk=iphoneos*]" = "iPhone Developer";
				COPY_PHASE_STRIP = NO;
				DEBUG_INFORMATION_FORMAT = dwarf;
				ENABLE_STRICT_OBJC_MSGSEND = YES;
				ENABLE_TESTABILITY = YES;
				GCC_C_LANGUAGE_STANDARD = gnu99;
				GCC_DYNAMIC_NO_PIC = NO;
				GCC_NO_COMMON_BLOCKS = YES;
				GCC_OPTIMIZATION_LEVEL = 0;
				GCC_PREPROCESSOR_DEFINITIONS = (
					"DEBUG=1",
					"$(inherited)",
				);
				GCC_WARN_64_TO_32_BIT_CONVERSION = YES;
				GCC_WARN_ABOUT_RETURN_TYPE = YES_ERROR;
				GCC_WARN_UNDECLARED_SELECTOR = YES;
				GCC_WARN_UNINITIALIZED_AUTOS = YES_AGGRESSIVE;
				GCC_WARN_UNUSED_FUNCTION = YES;
				GCC_WARN_UNUSED_VARIABLE = YES;
				IPHONEOS_DEPLOYMENT_TARGET = 9.2;
				MTL_ENABLE_DEBUG_INFO = YES;
				ONLY_ACTIVE_ARCH = YES;
				SDKROOT = iphoneos;
				SWIFT_OPTIMIZATION_LEVEL = "-Onone";
				TARGETED_DEVICE_FAMILY = "1,2";
			};
			name = Debug;
		};
		D30873261C52B637003D8B3C /* Release */ = {
			isa = XCBuildConfiguration;
			buildSettings = {
				ALWAYS_SEARCH_USER_PATHS = NO;
				CLANG_CXX_LANGUAGE_STANDARD = "gnu++0x";
				CLANG_CXX_LIBRARY = "libc++";
				CLANG_ENABLE_MODULES = YES;
				CLANG_ENABLE_OBJC_ARC = YES;
				CLANG_WARN_BOOL_CONVERSION = YES;
				CLANG_WARN_CONSTANT_CONVERSION = YES;
				CLANG_WARN_DIRECT_OBJC_ISA_USAGE = YES_ERROR;
				CLANG_WARN_EMPTY_BODY = YES;
				CLANG_WARN_ENUM_CONVERSION = YES;
				CLANG_WARN_INT_CONVERSION = YES;
				CLANG_WARN_OBJC_ROOT_CLASS = YES_ERROR;
				CLANG_WARN_UNREACHABLE_CODE = YES;
				CLANG_WARN__DUPLICATE_METHOD_MATCH = YES;
				"CODE_SIGN_IDENTITY[sdk=iphoneos*]" = "iPhone Developer";
				COPY_PHASE_STRIP = NO;
				DEBUG_INFORMATION_FORMAT = "dwarf-with-dsym";
				ENABLE_NS_ASSERTIONS = NO;
				ENABLE_STRICT_OBJC_MSGSEND = YES;
				GCC_C_LANGUAGE_STANDARD = gnu99;
				GCC_NO_COMMON_BLOCKS = YES;
				GCC_WARN_64_TO_32_BIT_CONVERSION = YES;
				GCC_WARN_ABOUT_RETURN_TYPE = YES_ERROR;
				GCC_WARN_UNDECLARED_SELECTOR = YES;
				GCC_WARN_UNINITIALIZED_AUTOS = YES_AGGRESSIVE;
				GCC_WARN_UNUSED_FUNCTION = YES;
				GCC_WARN_UNUSED_VARIABLE = YES;
				IPHONEOS_DEPLOYMENT_TARGET = 9.2;
				MTL_ENABLE_DEBUG_INFO = NO;
				SDKROOT = iphoneos;
				TARGETED_DEVICE_FAMILY = "1,2";
				VALIDATE_PRODUCT = YES;
			};
			name = Release;
		};
		D30873281C52B637003D8B3C /* Debug */ = {
			isa = XCBuildConfiguration;
			buildSettings = {
				ASSETCATALOG_COMPILER_APPICON_NAME = AppIcon;
				INFOPLIST_FILE = "beercan app/Info.plist";
				LD_RUNPATH_SEARCH_PATHS = "$(inherited) @executable_path/Frameworks";
				PRODUCT_BUNDLE_IDENTIFIER = "co.za.beercan.beercan-app";
				PRODUCT_NAME = "$(TARGET_NAME)";
			};
			name = Debug;
		};
		D30873291C52B637003D8B3C /* Release */ = {
			isa = XCBuildConfiguration;
			buildSettings = {
				ASSETCATALOG_COMPILER_APPICON_NAME = AppIcon;
				INFOPLIST_FILE = "beercan app/Info.plist";
				LD_RUNPATH_SEARCH_PATHS = "$(inherited) @executable_path/Frameworks";
				PRODUCT_BUNDLE_IDENTIFIER = "co.za.beercan.beercan-app";
				PRODUCT_NAME = "$(TARGET_NAME)";
			};
			name = Release;
		};
		D308732B1C52B637003D8B3C /* Debug */ = {
			isa = XCBuildConfiguration;
			buildSettings = {
				BUNDLE_LOADER = "$(TEST_HOST)";
				INFOPLIST_FILE = "beercan appTests/Info.plist";
				LD_RUNPATH_SEARCH_PATHS = "$(inherited) @executable_path/Frameworks @loader_path/Frameworks";
				PRODUCT_BUNDLE_IDENTIFIER = "co.za.beercan.beercan-appTests";
				PRODUCT_NAME = "$(TARGET_NAME)";
				TEST_HOST = "$(BUILT_PRODUCTS_DIR)/beercan app.app/beercan app";
			};
			name = Debug;
		};
		D308732C1C52B637003D8B3C /* Release */ = {
			isa = XCBuildConfiguration;
			buildSettings = {
				BUNDLE_LOADER = "$(TEST_HOST)";
				INFOPLIST_FILE = "beercan appTests/Info.plist";
				LD_RUNPATH_SEARCH_PATHS = "$(inherited) @executable_path/Frameworks @loader_path/Frameworks";
				PRODUCT_BUNDLE_IDENTIFIER = "co.za.beercan.beercan-appTests";
				PRODUCT_NAME = "$(TARGET_NAME)";
				TEST_HOST = "$(BUILT_PRODUCTS_DIR)/beercan app.app/beercan app";
			};
			name = Release;
		};
		D308732E1C52B637003D8B3C /* Debug */ = {
			isa = XCBuildConfiguration;
			buildSettings = {
				INFOPLIST_FILE = "beercan appUITests/Info.plist";
				LD_RUNPATH_SEARCH_PATHS = "$(inherited) @executable_path/Frameworks @loader_path/Frameworks";
				PRODUCT_BUNDLE_IDENTIFIER = "co.za.beercan.beercan-appUITests";
				PRODUCT_NAME = "$(TARGET_NAME)";
				TEST_TARGET_NAME = "beercan app";
				USES_XCTRUNNER = YES;
			};
			name = Debug;
		};
		D308732F1C52B637003D8B3C /* Release */ = {
			isa = XCBuildConfiguration;
			buildSettings = {
				INFOPLIST_FILE = "beercan appUITests/Info.plist";
				LD_RUNPATH_SEARCH_PATHS = "$(inherited) @executable_path/Frameworks @loader_path/Frameworks";
				PRODUCT_BUNDLE_IDENTIFIER = "co.za.beercan.beercan-appUITests";
				PRODUCT_NAME = "$(TARGET_NAME)";
				TEST_TARGET_NAME = "beercan app";
				USES_XCTRUNNER = YES;
			};
			name = Release;
		};
/* End XCBuildConfiguration section */

/* Begin XCConfigurationList section */
		D30872FA1C52B637003D8B3C /* Build configuration list for PBXProject "beercan app" */ = {
			isa = XCConfigurationList;
			buildConfigurations = (
				D30873251C52B637003D8B3C /* Debug */,
				D30873261C52B637003D8B3C /* Release */,
			);
			defaultConfigurationIsVisible = 0;
			defaultConfigurationName = Release;
		};
		D30873271C52B637003D8B3C /* Build configuration list for PBXNativeTarget "beercan app" */ = {
			isa = XCConfigurationList;
			buildConfigurations = (
				D30873281C52B637003D8B3C /* Debug */,
				D30873291C52B637003D8B3C /* Release */,
			);
			defaultConfigurationIsVisible = 0;
		};
		D308732A1C52B637003D8B3C /* Build configuration list for PBXNativeTarget "beercan appTests" */ = {
			isa = XCConfigurationList;
			buildConfigurations = (
				D308732B1C52B637003D8B3C /* Debug */,
				D308732C1C52B637003D8B3C /* Release */,
			);
			defaultConfigurationIsVisible = 0;
		};
		D308732D1C52B637003D8B3C /* Build configuration list for PBXNativeTarget "beercan appUITests" */ = {
			isa = XCConfigurationList;
			buildConfigurations = (
				D308732E1C52B637003D8B3C /* Debug */,
				D308732F1C52B637003D8B3C /* Release */,
			);
			defaultConfigurationIsVisible = 0;
		};
/* End XCConfigurationList section */
	};
	rootObject = D30872F71C52B637003D8B3C /* Project object */;
}
